{
  "name": "phase-4-deploying-app-demo",
  "lockfileVersion": 2,
  "requires": true,
  "packages": {
    "": {
      "name": "phase-4-deploying-app-demo",
      "dependencies": {
        "@rails/actioncable": "^6.1.4"
      },
      "engines": {
        "node": ">= 14"
      }
    },
    "node_modules/@rails/actioncable": {
      "version": "6.1.4",
      "resolved": "https://registry.npmjs.org/@rails/actioncable/-/actioncable-6.1.4.tgz",
      "integrity": "sha512-0LmSKJTuo2dL6BQ+9xxLnS9lbkyfz2mBGeBnQ2J7o9Bn0l0q+ZC6VuoZMZZXPvABI4QT7Nfknv5WhfKYL+boew=="
    }
  },
  "dependencies": {
    "@rails/actioncable": {
      "version": "6.1.4",
      "resolved": "https://registry.npmjs.org/@rails/actioncable/-/actioncable-6.1.4.tgz",
      "integrity": "sha512-0LmSKJTuo2dL6BQ+9xxLnS9lbkyfz2mBGeBnQ2J7o9Bn0l0q+ZC6VuoZMZZXPvABI4QT7Nfknv5WhfKYL+boew=="
    }
  }
}
